
Microsoft Visual Studio Solution File, Format Version 12.00
# Visual Studio Version 17
VisualStudioVersion = 17.14.36518.9 d17.14
MinimumVisualStudioVersion = 10.0.40219.1
Project("{FAE04EC0-301F-11D3-BF4B-00C04F79EFBC}") = "viaggio-Stranger-Things", "viaggio-Stranger-Things\viaggio-Stranger-Things.csproj", "{584C9F1C-04CA-491A-9EA0-2CDD812EB474}"
EndProject
Global
	GlobalSection(SolutionConfigurationPlatforms) = preSolution
		Debug|Any CPU = Debug|Any CPU
		Release|Any CPU = Release|Any CPU
	EndGlobalSection
	GlobalSection(ProjectConfigurationPlatforms) = postSolution
		{584C9F1C-04CA-491A-9EA0-2CDD812EB474}.Debug|Any CPU.ActiveCfg = Debug|Any CPU
		{584C9F1C-04CA-491A-9EA0-2CDD812EB474}.Debug|Any CPU.Build.0 = Debug|Any CPU
		{584C9F1C-04CA-491A-9EA0-2CDD812EB474}.Release|Any CPU.ActiveCfg = Release|Any CPU
		{584C9F1C-04CA-491A-9EA0-2CDD812EB474}.Release|Any CPU.Build.0 = Release|Any CPU
	EndGlobalSection
	GlobalSection(SolutionProperties) = preSolution
		HideSolutionNode = FALSE
	EndGlobalSection
	GlobalSection(ExtensibilityGlobals) = postSolution
		SolutionGuid = {A7129972-8CAF-4C1D-9247-6AB1E030701C}
	EndGlobalSection
EndGlobal
